{
  "name": "icehrm-web",
  "requires": true,
  "lockfileVersion": 1,
  "dependencies": {
    "@ant-design/colors": {
      "version": "3.2.2",
      "resolved": "https://registry.npmjs.org/@ant-design/colors/-/colors-3.2.2.tgz",
      "integrity": "sha512-YKgNbG2dlzqMhA9NtI3/pbY16m3Yl/EeWBRa+lB1X1YaYxHrxNexiQYCLTWO/uDvAjLFMEDU+zR901waBtMtjQ==",
      "requires": {
        "tinycolor2": "^1.4.1"
      }
    },
    "@ant-design/icons": {
      "version": "4.0.6",
      "resolved": "https://registry.npmjs.org/@ant-design/icons/-/icons-4.0.6.tgz",
      "integrity": "sha512-Hvly7PhImdZo5+UnpRPSpqcYFttTEE9ELCgir6R9cPe99IHciLv97EZTshYTFp4T6i2q0x9nuSLpG11UFeu4Dg==",
      "requires": {
        "@ant-design/colors": "^3.1.0",
        "@ant-design/icons-svg": "^4.0.0",
        "classnames": "^2.2.6",
        "insert-css": "^2.0.0",
        "rc-util": "^4.9.0"
      }
    },
    "@ant-design/icons-svg": {
      "version": "4.0.0",
      "resolved": "https://registry.npmjs.org/@ant-design/icons-svg/-/icons-svg-4.0.0.tgz",
      "integrity": "sha512-Nai+cd3XUrv/z50gSk1FI08j6rENZ1e93rhKeLTBGwa5WrmHvhn2vowa5+voZW2qkXJn1btS6tdvTEDB90M0Pw=="
    },
    "@ant-design/react-slick": {
      "version": "0.25.5",
      "resolved": "https://registry.npmjs.org/@ant-design/react-slick/-/react-slick-0.25.5.tgz",
      "integrity": "sha512-fusHR9LkarCARvYTN6cG3yz2/Ogf+HTaJ2XEihIjsjgm6uE1aSXycRFEVDpOFP1Aib51Z2Iz3tgg/gL+WbK8rQ==",
      "requires": {
        "classnames": "^2.2.5",
        "json2mq": "^0.2.0",
        "lodash": "^4.17.15",
        "resize-observer-polyfill": "^1.5.0"
      }
    },
    "@babel/runtime": {
      "version": "7.9.2",
      "resolved": "https://registry.npmjs.org/@babel/runtime/-/runtime-7.9.2.tgz",
      "integrity": "sha512-NE2DtOdufG7R5vnfQUTehdTfNycfUANEtCa9PssN9O/xmTzP4E08UI797ixaei6hBEVL9BI/PsdJS5x7mWoB9Q==",
      "requires": {
        "regenerator-runtime": "^0.13.4"
      },
      "dependencies": {
        "regenerator-runtime": {
          "version": "0.13.5",
          "resolved": "https://registry.npmjs.org/regenerator-runtime/-/regenerator-runtime-0.13.5.tgz",
          "integrity": "sha512-ZS5w8CpKFinUzOwW3c83oPeVXoNsrLsaCoLtJvAClH135j/R77RuymhiSErhm2lKcwSCIpmvIWSbDkIfAqKQlA=="
        }
      }
    },
    "@types/hoist-non-react-statics": {
      "version": "3.3.1",
      "resolved": "https://registry.npmjs.org/@types/hoist-non-react-statics/-/hoist-non-react-statics-3.3.1.tgz",
      "integrity": "sha512-iMIqiko6ooLrTh1joXodJK5X9xeEALT1kM5G3ZLhD3hszxBdIEd5C75U834D9mLcINgD4OyZf5uQXjkuYydWvA==",
      "requires": {
        "@types/react": "*",
        "hoist-non-react-statics": "^3.3.0"
      }
    },
    "@types/prop-types": {
      "version": "15.7.3",
      "resolved": "https://registry.npmjs.org/@types/prop-types/-/prop-types-15.7.3.tgz",
      "integrity": "sha512-KfRL3PuHmqQLOG+2tGpRO26Ctg+Cq1E01D2DMriKEATHgWLfeNDmq9e29Q9WIky0dQ3NPkd1mzYH8Lm936Z9qw=="
    },
    "@types/react": {
      "version": "16.9.34",
      "resolved": "https://registry.npmjs.org/@types/react/-/react-16.9.34.tgz",
      "integrity": "sha512-8AJlYMOfPe1KGLKyHpflCg5z46n0b5DbRfqDksxBLBTUpB75ypDBAO9eCUcjNwE6LCUslwTz00yyG/X9gaVtow==",
      "requires": {
        "@types/prop-types": "*",
        "csstype": "^2.2.0"
      }
    },
    "@types/react-lifecycles-compat": {
      "version": "3.0.1",
      "resolved": "https://registry.npmjs.org/@types/react-lifecycles-compat/-/react-lifecycles-compat-3.0.1.tgz",
      "integrity": "sha512-4KiU5s1Go4xRbf7t6VxUUpBeN5PGjpjpBv9VvET4uiPHC500VNYBclU13f8ehHkHoZL39b2cfwHu6RzbV3b44A==",
      "requires": {
        "@types/react": "*"
      }
    },
    "@types/shallowequal": {
      "version": "1.1.1",
      "resolved": "https://registry.npmjs.org/@types/shallowequal/-/shallowequal-1.1.1.tgz",
      "integrity": "sha512-Lhni3aX80zbpdxRuWhnuYPm8j8UQaa571lHP/xI4W+7BAFhSIhRReXnqjEgT/XzPoXZTJkCqstFMJ8CZTK6IlQ=="
    },
    "add-dom-event-listener": {
      "version": "1.1.0",
      "resolved": "https://registry.npmjs.org/add-dom-event-listener/-/add-dom-event-listener-1.1.0.tgz",
      "integrity": "sha512-WCxx1ixHT0GQU9hb0KI/mhgRQhnU+U3GvwY6ZvVjYq8rsihIGoaIOUbY0yMPBxLH5MDtr0kz3fisWGNcbWW7Jw==",
      "requires": {
        "object-assign": "4.x"
      }
    },
    "antd": {
      "version": "4.1.4",
      "resolved": "https://registry.npmjs.org/antd/-/antd-4.1.4.tgz",
      "integrity": "sha512-YRF/nrAq4R+olKRJxEDqeO4xkTvx+U6ovIQjGew1JDiEHMMhSftpvpYg2Iu5hRdFL66uxQk6VYngMttBpuYm9Q==",
      "requires": {
        "@ant-design/icons": "^4.0.0",
        "@ant-design/react-slick": "~0.25.5",
        "array-tree-filter": "^2.1.0",
        "classnames": "~2.2.6",
        "copy-to-clipboard": "^3.2.0",
        "css-animation": "^1.5.0",
        "lodash": "^4.17.13",
        "moment": "^2.24.0",
        "omit.js": "^1.0.2",
        "prop-types": "^15.7.2",
        "raf": "^3.4.1",
        "rc-animate": "~2.10.2",
        "rc-cascader": "~1.0.0",
        "rc-checkbox": "~2.2.0",
        "rc-collapse": "~1.11.3",
        "rc-dialog": "~7.6.0",
        "rc-drawer": "~3.1.1",
        "rc-dropdown": "~3.0.0",
        "rc-field-form": "~1.1.0",
        "rc-input-number": "~4.5.4",
        "rc-mentions": "~1.1.0",
        "rc-menu": "~8.0.1",
        "rc-notification": "~4.0.0",
        "rc-pagination": "~2.2.0",
        "rc-picker": "~1.4.0",
        "rc-progress": "~2.5.0",
        "rc-rate": "~2.5.1",
        "rc-resize-observer": "^0.2.0",
        "rc-select": "~10.2.0",
        "rc-slider": "~9.2.3",
        "rc-steps": "~3.5.0",
        "rc-switch": "~1.9.0",
        "rc-table": "~7.4.2",
        "rc-tabs": "~10.1.1",
        "rc-tooltip": "~4.0.2",
        "rc-tree": "~3.1.0",
        "rc-tree-select": "~3.1.0",
        "rc-trigger": "~4.0.0",
        "rc-upload": "~3.0.0",
        "rc-util": "^4.20.0",
        "rc-virtual-list": "^1.1.0",
        "resize-observer-polyfill": "^1.5.1",
        "scroll-into-view-if-needed": "^2.2.20",
        "warning": "~4.0.3"
      }
    },
    "array-tree-filter": {
      "version": "2.1.0",
      "resolved": "https://registry.npmjs.org/array-tree-filter/-/array-tree-filter-2.1.0.tgz",
      "integrity": "sha512-4ROwICNlNw/Hqa9v+rk5h22KjmzB1JGTMVKP2AKJBOCgb0yL0ASf0+YvCcLNNwquOHNX48jkeZIJ3a+oOQqKcw=="
    },
    "async-validator": {
      "version": "3.2.4",
      "resolved": "https://registry.npmjs.org/async-validator/-/async-validator-3.2.4.tgz",
      "integrity": "sha512-mTgzMJixkrh+5t2gbYoua8MLy11GHkQqFE6tbhY5Aqc4jEDGsR4BWP+sVQiYDHtzTMB8WIwI/ypObTVPcTZInw=="
    },
    "babel-runtime": {
      "version": "6.26.0",
      "resolved": "https://registry.npmjs.org/babel-runtime/-/babel-runtime-6.26.0.tgz",
      "integrity": "sha1-llxwWGaOgrVde/4E/yM3vItWR/4=",
      "requires": {
        "core-js": "^2.4.0",
        "regenerator-runtime": "^0.11.0"
      }
    },
    "classnames": {
      "version": "2.2.6",
      "resolved": "https://registry.npmjs.org/classnames/-/classnames-2.2.6.tgz",
      "integrity": "sha512-JR/iSQOSt+LQIWwrwEzJ9uk0xfN3mTVYMwt1Ir5mUcSN6pU+V4zQFFaJsclJbPuAUQH+yfWef6tm7l1quW3C8Q=="
    },
    "codemirror": {
      "version": "5.49.2",
      "resolved": "https://registry.npmjs.org/codemirror/-/codemirror-5.49.2.tgz",
      "integrity": "sha512-dwJ2HRPHm8w51WB5YTF9J7m6Z5dtkqbU9ntMZ1dqXyFB9IpjoUFDj80ahRVEoVanfIp6pfASJbOlbWdEf8FOzQ=="
    },
    "component-classes": {
      "version": "1.2.6",
      "resolved": "https://registry.npmjs.org/component-classes/-/component-classes-1.2.6.tgz",
      "integrity": "sha1-xkI5TDYYpNiwuJGe/Mu9kw5c1pE=",
      "requires": {
        "component-indexof": "0.0.3"
      }
    },
    "component-indexof": {
      "version": "0.0.3",
      "resolved": "https://registry.npmjs.org/component-indexof/-/component-indexof-0.0.3.tgz",
      "integrity": "sha1-EdCRMSI5648yyPJa6csAL/6NPCQ="
    },
    "compute-scroll-into-view": {
      "version": "1.0.13",
      "resolved": "https://registry.npmjs.org/compute-scroll-into-view/-/compute-scroll-into-view-1.0.13.tgz",
      "integrity": "sha512-o+w9w7A98aAFi/GjK8cxSV+CdASuPa2rR5UWs3+yHkJzWqaKoBEufFNWYaXInCSmUfDCVhesG+v9MTWqOjsxFg=="
    },
    "copy-to-clipboard": {
      "version": "3.3.1",
      "resolved": "https://registry.npmjs.org/copy-to-clipboard/-/copy-to-clipboard-3.3.1.tgz",
      "integrity": "sha512-i13qo6kIHTTpCm8/Wup+0b1mVWETvu2kIMzKoK8FpkLkFxlt0znUAHcMzox+T8sPlqtZXq3CulEjQHsYiGFJUw==",
      "requires": {
        "toggle-selection": "^1.0.6"
      }
    },
    "core-js": {
      "version": "2.6.11",
      "resolved": "https://registry.npmjs.org/core-js/-/core-js-2.6.11.tgz",
      "integrity": "sha512-5wjnpaT/3dV+XB4borEsnAYQchn00XSgTAWKDkEqv+K8KevjbzmofK6hfJ9TZIlpj2N0xQpazy7PiRQiWHqzWg=="
    },
    "css-animation": {
      "version": "1.6.1",
      "resolved": "https://registry.npmjs.org/css-animation/-/css-animation-1.6.1.tgz",
      "integrity": "sha512-/48+/BaEaHRY6kNQ2OIPzKf9A6g8WjZYjhiNDNuIVbsm5tXCGIAsHDjB4Xu1C4vXJtUWZo26O68OQkDpNBaPog==",
      "requires": {
        "babel-runtime": "6.x",
        "component-classes": "^1.2.5"
      }
    },
    "csstype": {
      "version": "2.6.10",
      "resolved": "https://registry.npmjs.org/csstype/-/csstype-2.6.10.tgz",
      "integrity": "sha512-D34BqZU4cIlMCY93rZHbrq9pjTAQJ3U8S8rfBqjwHxkGPThWFjzZDQpgMJY0QViLxth6ZKYiwFBo14RdN44U/w=="
    },
    "dom-align": {
      "version": "1.11.1",
      "resolved": "https://registry.npmjs.org/dom-align/-/dom-align-1.11.1.tgz",
      "integrity": "sha512-hN42DmUgtweBx0iBjDLO4WtKOMcK8yBmPx/fgdsgQadLuzPu/8co3oLdK5yMmeM/vnUd3yDyV6qV8/NzxBexQg=="
    },
    "hammerjs": {
      "version": "2.0.8",
      "resolved": "https://registry.npmjs.org/hammerjs/-/hammerjs-2.0.8.tgz",
      "integrity": "sha1-BO93hiz/K7edMPdpIJWTAiK/YPE="
    },
    "hoist-non-react-statics": {
      "version": "3.3.2",
      "resolved": "https://registry.npmjs.org/hoist-non-react-statics/-/hoist-non-react-statics-3.3.2.tgz",
      "integrity": "sha512-/gGivxi8JPKWNm/W0jSmzcMPpfpPLc3dY/6GxhX2hQ9iGj3aDfklV4ET7NjKpSinLpJ5vafa9iiGIEZg10SfBw==",
      "requires": {
        "react-is": "^16.7.0"
      }
    },
    "insert-css": {
      "version": "2.0.0",
      "resolved": "https://registry.npmjs.org/insert-css/-/insert-css-2.0.0.tgz",
      "integrity": "sha1-610Ql7dUL0x56jBg067gfQU4gPQ="
    },
    "js-tokens": {
      "version": "4.0.0",
      "resolved": "https://registry.npmjs.org/js-tokens/-/js-tokens-4.0.0.tgz",
      "integrity": "sha512-RdJUflcE3cUzKiMqQgsCu06FPu9UdIJO0beYbPhHN4k6apgJtifcoCtT9bcxOpYBtpD2kCM6Sbzg4CausW/PKQ=="
    },
    "json2mq": {
      "version": "0.2.0",
      "resolved": "https://registry.npmjs.org/json2mq/-/json2mq-0.2.0.tgz",
      "integrity": "sha1-tje9O6nqvhIsg+lyBIOusQ0skEo=",
      "requires": {
        "string-convert": "^0.2.0"
      }
    },
    "lodash": {
      "version": "4.17.19",
      "resolved": "https://registry.npmjs.org/lodash/-/lodash-4.17.19.tgz",
      "integrity": "sha512-JNvd8XER9GQX0v2qJgsaN/mzFCNA5BRe/j8JN9d+tWyGLSodKQHKFicdwNYzWwI3wjRnaKPsGj1XkBjx/F96DQ=="
    },
    "loose-envify": {
      "version": "1.4.0",
      "resolved": "https://registry.npmjs.org/loose-envify/-/loose-envify-1.4.0.tgz",
      "integrity": "sha512-lyuxPGr/Wfhrlem2CL/UcnUc1zcqKAImBDzukY7Y5F/yQiNdko6+fRLevlw1HgMySw7f611UIY408EtxRSoK3Q==",
      "requires": {
        "js-tokens": "^3.0.0 || ^4.0.0"
      }
    },
    "mini-store": {
      "version": "3.0.2",
      "resolved": "https://registry.npmjs.org/mini-store/-/mini-store-3.0.2.tgz",
      "integrity": "sha512-TM7IQBu+mVssLQReprx7JGftXk0EyaiIWw7yAx6E4SIZRHwgQ8XcG4dINFAaBCBihbYPJyhf7kbz7e5qk1FkuQ==",
      "requires": {
        "@types/hoist-non-react-statics": "^3.3.1",
        "@types/react-lifecycles-compat": "^3.0.1",
        "@types/shallowequal": "^1.1.1",
        "hoist-non-react-statics": "^3.3.2",
        "prop-types": "^15.6.0",
        "react-lifecycles-compat": "^3.0.4",
        "shallowequal": "^1.0.2",
        "typescript": "^3.8.3"
      }
    },
    "moment": {
      "version": "2.24.0",
      "resolved": "https://registry.npmjs.org/moment/-/moment-2.24.0.tgz",
      "integrity": "sha512-bV7f+6l2QigeBBZSM/6yTNq4P2fNpSWj/0e7jQcy87A8e7o2nAfP/34/2ky5Vw4B9S446EtIhodAzkFCcR4dQg=="
    },
    "object-assign": {
      "version": "4.1.1",
      "resolved": "https://registry.npmjs.org/object-assign/-/object-assign-4.1.1.tgz",
      "integrity": "sha1-IQmtx5ZYh8/AXLvUQsrIv7s2CGM="
    },
    "omit.js": {
      "version": "1.0.2",
      "resolved": "https://registry.npmjs.org/omit.js/-/omit.js-1.0.2.tgz",
      "integrity": "sha512-/QPc6G2NS+8d4L/cQhbk6Yit1WTB6Us2g84A7A/1+w9d/eRGHyEqC5kkQtHVoHZ5NFWGG7tUGgrhVZwgZanKrQ==",
      "requires": {
        "babel-runtime": "^6.23.0"
      }
    },
    "performance-now": {
      "version": "2.1.0",
      "resolved": "https://registry.npmjs.org/performance-now/-/performance-now-2.1.0.tgz",
      "integrity": "sha1-Ywn04OX6kT7BxpMHrjZLSzd8nns="
    },
    "prop-types": {
      "version": "15.7.2",
      "resolved": "https://registry.npmjs.org/prop-types/-/prop-types-15.7.2.tgz",
      "integrity": "sha512-8QQikdH7//R2vurIJSutZ1smHYTcLpRWEOlHnzcWHmBYrOGUysKwSsrC89BCiFj3CbrfJ/nXFdJepOVrY1GCHQ==",
      "requires": {
        "loose-envify": "^1.4.0",
        "object-assign": "^4.1.1",
        "react-is": "^16.8.1"
      }
    },
    "raf": {
      "version": "3.4.1",
      "resolved": "https://registry.npmjs.org/raf/-/raf-3.4.1.tgz",
      "integrity": "sha512-Sq4CW4QhwOHE8ucn6J34MqtZCeWFP2aQSmrlroYgqAV1PjStIhJXxYuTgUIfkEk7zTLjmIjLmU5q+fbD1NnOJA==",
      "requires": {
        "performance-now": "^2.1.0"
      }
    },
    "rc-align": {
      "version": "3.0.0-rc.1",
      "resolved": "https://registry.npmjs.org/rc-align/-/rc-align-3.0.0-rc.1.tgz",
      "integrity": "sha512-GbofumhCUb7SxP410j/fbtR2M9Zml+eoZSdaliZh6R3NhfEj5zP4jcO3HG3S9C9KIcXQQtd/cwVHkb9Y0KU7Hg==",
      "requires": {
        "classnames": "2.x",
        "dom-align": "^1.7.0",
        "rc-util": "^4.12.0",
        "resize-observer-polyfill": "^1.5.1"
      }
    },
    "rc-animate": {
      "version": "2.10.3",
      "resolved": "https://registry.npmjs.org/rc-animate/-/rc-animate-2.10.3.tgz",
      "integrity": "sha512-A9qQ5Y8BLlM7EhuCO3fWb/dChndlbWtY/P5QvPqBU7h4r5Q2QsvsbpTGgdYZATRDZbTRnJXXfVk9UtlyS7MBLg==",
      "requires": {
        "babel-runtime": "6.x",
        "classnames": "^2.2.6",
        "css-animation": "^1.3.2",
        "prop-types": "15.x",
        "raf": "^3.4.0",
        "rc-util": "^4.15.3",
        "react-lifecycles-compat": "^3.0.4"
      }
    },
    "rc-cascader": {
      "version": "1.0.1",
      "resolved": "https://registry.npmjs.org/rc-cascader/-/rc-cascader-1.0.1.tgz",
      "integrity": "sha512-3mk33+YKJBP1XSrTYbdVLuCC73rUDq5STNALhvua5i8vyIgIxtb5fSl96JdWWq1Oj8tIBoHnCgoEoOYnIXkthQ==",
      "requires": {
        "array-tree-filter": "^2.1.0",
        "rc-trigger": "^4.0.0",
        "rc-util": "^4.0.4",
        "warning": "^4.0.1"
      }
    },
    "rc-checkbox": {
      "version": "2.2.0",
      "resolved": "https://registry.npmjs.org/rc-checkbox/-/rc-checkbox-2.2.0.tgz",
      "integrity": "sha512-Wjh/nutLA8iIPTT1P9I9KOqlUblVe+CWa3SxMibFySnLyYbMxKNtPhwNcbADPOqzNU0AsCntTduNeJg1n0B5fg==",
      "requires": {
        "babel-runtime": "^6.23.0",
        "classnames": "2.x"
      }
    },
    "rc-collapse": {
      "version": "1.11.8",
      "resolved": "https://registry.npmjs.org/rc-collapse/-/rc-collapse-1.11.8.tgz",
      "integrity": "sha512-8EhfPyScTYljkbRuIoHniSwZagD5UPpZ3CToYgoNYWC85L2qCbPYF7+OaC713FOrIkp6NbfNqXsITNxmDAmxog==",
      "requires": {
        "classnames": "2.x",
        "css-animation": "1.x",
        "prop-types": "^15.5.6",
        "rc-animate": "2.x",
        "react-is": "^16.7.0",
        "react-lifecycles-compat": "^3.0.4",
        "shallowequal": "^1.1.0"
      }
    },
    "rc-dialog": {
      "version": "7.6.1",
      "resolved": "https://registry.npmjs.org/rc-dialog/-/rc-dialog-7.6.1.tgz",
      "integrity": "sha512-KUKf+2eZ4YL+lnXMG3hR4ZtIhC9glfH27NtTVz3gcoDIPAf3uUvaXVRNoDCiSi+OGKLyIb/b6EoidFh6nQC5Wg==",
      "requires": {
        "babel-runtime": "6.x",
        "rc-animate": "2.x",
        "rc-util": "^4.16.1"
      }
    },
    "rc-drawer": {
      "version": "3.1.3",
      "resolved": "https://registry.npmjs.org/rc-drawer/-/rc-drawer-3.1.3.tgz",
      "integrity": "sha512-2z+RdxmzXyZde/1OhVMfDR1e/GBswFeWSZ7FS3Fdd0qhgVdpV1wSzILzzxRaT481ItB5hOV+e8pZT07vdJE8kg==",
      "requires": {
        "classnames": "^2.2.6",
        "rc-util": "^4.16.1",
        "react-lifecycles-compat": "^3.0.4"
      }
    },
    "rc-dropdown": {
      "version": "3.0.2",
      "resolved": "https://registry.npmjs.org/rc-dropdown/-/rc-dropdown-3.0.2.tgz",
      "integrity": "sha512-T3XP4qL6xmkxn8z52YF2SEPoMHPpBiLf0Kty3mjNdRSyKnlu+0F+3bhDHf6gO1msmqrjURaz8sMNAFDcoFHHnw==",
      "requires": {
        "babel-runtime": "^6.26.0",
        "classnames": "^2.2.6",
        "rc-trigger": "^4.0.0"
      }
    },
    "rc-field-form": {
      "version": "1.1.3",
      "resolved": "https://registry.npmjs.org/rc-field-form/-/rc-field-form-1.1.3.tgz",
      "integrity": "sha512-m7SUNNaum4pHrUj5MGnymEk3SRitMUZBhnMS0wqWrcL6XqvdTAG5Yz5HjukA6BryaS6nyQOgUVBXMxxNN/XsTQ==",
      "requires": {
        "@babel/runtime": "^7.8.4",
        "async-validator": "^3.0.3",
        "rc-util": "^4.17.0",
        "warning": "^4.0.3"
      }
    },
    "rc-hammerjs": {
      "version": "0.6.9",
      "resolved": "https://registry.npmjs.org/rc-hammerjs/-/rc-hammerjs-0.6.9.tgz",
      "integrity": "sha512-4llgWO3RgLyVbEqUdGsDfzUDqklRlQW5VEhE3x35IvhV+w//VPRG34SBavK3D2mD/UaLKaohgU41V4agiftC8g==",
      "requires": {
        "babel-runtime": "6.x",
        "hammerjs": "^2.0.8",
        "prop-types": "^15.5.9"
      }
    },
    "rc-input-number": {
      "version": "4.5.6",
      "resolved": "https://registry.npmjs.org/rc-input-number/-/rc-input-number-4.5.6.tgz",
      "integrity": "sha512-AXbL4gtQ1mSQnu6v/JtMv3UbGRCzLvQznmf0a7U/SAtZ8+dCEAqD4JpJhkjv73Wog53eRYhw4l7ApdXflc9ymg==",
      "requires": {
        "babel-runtime": "6.x",
        "classnames": "^2.2.0",
        "prop-types": "^15.5.7",
        "rc-util": "^4.5.1",
        "rmc-feedback": "^2.0.0"
      }
    },
    "rc-mentions": {
      "version": "1.1.0",
      "resolved": "https://registry.npmjs.org/rc-mentions/-/rc-mentions-1.1.0.tgz",
      "integrity": "sha512-uOVMiQ5Jxfo3mbpOZsZt20Alid0268lX9eBR2I/chly0qhNbmSB71iLOHGkbL7zuHd50GF/eSr9fXJJQKUYG1Q==",
      "requires": {
        "classnames": "^2.2.6",
        "rc-menu": "^8.0.1",
        "rc-trigger": "^4.0.0",
        "rc-util": "^4.6.0"
      }
    },
    "rc-menu": {
      "version": "8.0.3",
      "resolved": "https://registry.npmjs.org/rc-menu/-/rc-menu-8.0.3.tgz",
      "integrity": "sha512-a37l9MfzjXt8/q5en6ukjD2PoVsHCzWeRPdFK9eWi6hF5/9M3mfxgUt1LruQvaJKMQUxDyN5+4M8FsYULXJALw==",
      "requires": {
        "classnames": "2.x",
        "mini-store": "^3.0.1",
        "rc-animate": "^2.10.1",
        "rc-trigger": "^4.0.0",
        "rc-util": "^4.13.0",
        "resize-observer-polyfill": "^1.5.0",
        "scroll-into-view-if-needed": "^2.2.20",
        "shallowequal": "^1.1.0"
      }
    },
    "rc-notification": {
      "version": "4.0.0",
      "resolved": "https://registry.npmjs.org/rc-notification/-/rc-notification-4.0.0.tgz",
      "integrity": "sha512-In9FimkJY+JSIq3/eopPfBpQQr2Zugq5i9Aw9vdiNCGCsAsSO9bGq2dPsn8bamOydNrhc3djljGfmxUUMbcZnA==",
      "requires": {
        "classnames": "2.x",
        "rc-animate": "2.x",
        "rc-util": "^4.0.4"
      }
    },
    "rc-pagination": {
      "version": "2.2.0",
      "resolved": "https://registry.npmjs.org/rc-pagination/-/rc-pagination-2.2.0.tgz",
      "integrity": "sha512-fXempMD/kvHu8tsiW70uPjn1pI4mdD62xFG9drcBh17gj5CbCjazrjpWS615RSauk3b2BBgIcAJzREAMvlAkFQ==",
      "requires": {
        "classnames": "^2.2.1"
      }
    },
    "rc-picker": {
      "version": "1.4.9",
      "resolved": "https://registry.npmjs.org/rc-picker/-/rc-picker-1.4.9.tgz",
      "integrity": "sha512-Lg/+06ozXEsivYit+fNET6IKSY8xnWEDsuQiRjJttsELg1kE3JyCZflaX98nCxkg+2IQqMPVXLuKIiaYGr43Uw==",
      "requires": {
        "classnames": "^2.2.1",
        "moment": "^2.24.0",
        "rc-trigger": "^4.0.0",
        "rc-util": "^4.17.0",
        "shallowequal": "^1.1.0"
      }
    },
    "rc-progress": {
      "version": "2.5.2",
      "resolved": "https://registry.npmjs.org/rc-progress/-/rc-progress-2.5.2.tgz",
      "integrity": "sha512-ajI+MJkbBz9zYDuE9GQsY5gsyqPF7HFioZEDZ9Fmc+ebNZoiSeSJsTJImPFCg0dW/5WiRGUy2F69SX1aPtSJgA==",
      "requires": {
        "babel-runtime": "6.x",
        "prop-types": "^15.5.8"
      }
    },
    "rc-rate": {
      "version": "2.5.1",
      "resolved": "https://registry.npmjs.org/rc-rate/-/rc-rate-2.5.1.tgz",
      "integrity": "sha512-3iJkNJT8xlHklPCdeZtUZmJmRVUbr6AHRlfSsztfYTXVlHrv2TcPn3XkHsH+12j812WVB7gvilS2j3+ffjUHXg==",
      "requires": {
        "classnames": "^2.2.5",
        "prop-types": "^15.5.8",
        "rc-util": "^4.3.0",
        "react-lifecycles-compat": "^3.0.4"
      }
    },
    "rc-resize-observer": {
      "version": "0.2.1",
      "resolved": "https://registry.npmjs.org/rc-resize-observer/-/rc-resize-observer-0.2.1.tgz",
      "integrity": "sha512-GENTRkL3lq05ilrjTxPpHUPrKTC9D7XqUGesSXgi/GyO4j/jKIjLPn7zuZOcJ5QmN5QGRe24IaVWPZHQPE6vLw==",
      "requires": {
        "classnames": "^2.2.1",
        "rc-util": "^4.14.0",
        "resize-observer-polyfill": "^1.5.1"
      }
    },
    "rc-select": {
      "version": "10.2.4",
      "resolved": "https://registry.npmjs.org/rc-select/-/rc-select-10.2.4.tgz",
      "integrity": "sha512-PtfAHQRXof5gX1qEYQc8GIgroajtzU3mcMGbqM1aE1jqaZ4r+p0GJy3rabXoNANsKH7jUV5+zYJb5VhTxj2vmQ==",
      "requires": {
        "classnames": "2.x",
        "rc-animate": "^2.10.0",
        "rc-trigger": "^4.0.0",
        "rc-util": "^4.20.0",
        "rc-virtual-list": "^1.1.2",
        "warning": "^4.0.3"
      }
    },
    "rc-slider": {
      "version": "9.2.4",
      "resolved": "https://registry.npmjs.org/rc-slider/-/rc-slider-9.2.4.tgz",
      "integrity": "sha512-wSr7vz+WtzzGqsGU2rTQ4mmLz9fkuIDMPYMYm8ygYFvxQ2Rh4uRhOWHYI0R8krNK5k1bGycckYxmQqUIvLAh3w==",
      "requires": {
        "babel-runtime": "6.x",
        "classnames": "^2.2.5",
        "rc-tooltip": "^4.0.0",
        "rc-util": "^4.0.4",
        "shallowequal": "^1.1.0",
        "warning": "^4.0.3"
      }
    },
    "rc-steps": {
      "version": "3.5.0",
      "resolved": "https://registry.npmjs.org/rc-steps/-/rc-steps-3.5.0.tgz",
      "integrity": "sha512-2Vkkrpa7PZbg7qPsqTNzVDov4u78cmxofjjnIHiGB9+9rqKS8oTLPzbW2uiWDr3Lk+yGwh8rbpGO1E6VAgBCOg==",
      "requires": {
        "babel-runtime": "^6.23.0",
        "classnames": "^2.2.3",
        "lodash": "^4.17.5",
        "prop-types": "^15.5.7"
      }
    },
    "rc-switch": {
      "version": "1.9.0",
      "resolved": "https://registry.npmjs.org/rc-switch/-/rc-switch-1.9.0.tgz",
      "integrity": "sha512-Isas+egaK6qSk64jaEw4GgPStY4umYDbT7ZY93bZF1Af+b/JEsKsJdNOU2qG3WI0Z6tXo2DDq0kJCv8Yhu0zww==",
      "requires": {
        "classnames": "^2.2.1",
        "prop-types": "^15.5.6",
        "react-lifecycles-compat": "^3.0.4"
      }
    },
    "rc-table": {
      "version": "7.4.5",
      "resolved": "https://registry.npmjs.org/rc-table/-/rc-table-7.4.5.tgz",
      "integrity": "sha512-lQS9izhGmgyCVK05imUrl32lBS9g2f3hB8LOKOof19JWCULKuYL5D3lLpaZSpCTecRYfONYNpgR7mZs7FOnYSQ==",
      "requires": {
        "classnames": "^2.2.5",
        "component-classes": "^1.2.6",
        "lodash": "^4.17.5",
        "prop-types": "^15.5.8",
        "raf": "^3.4.1",
        "rc-resize-observer": "^0.2.0",
        "rc-util": "^4.20.1",
        "react-lifecycles-compat": "^3.0.2",
        "shallowequal": "^1.1.0"
      }
    },
    "rc-tabs": {
      "version": "10.1.1",
      "resolved": "https://registry.npmjs.org/rc-tabs/-/rc-tabs-10.1.1.tgz",
      "integrity": "sha512-dOFeaYil3d6zV3ZtGZWfRf7zwyqUQ48cl67/Y/03SsBWEdYgfZzlgjfHqmUT+V7L7CvhQ5lIQyYpj4EthkgKCg==",
      "requires": {
        "classnames": "2.x",
        "lodash": "^4.17.5",
        "rc-hammerjs": "~0.6.0",
        "resize-observer-polyfill": "^1.5.1",
        "warning": "^4.0.3"
      }
    },
    "rc-tooltip": {
      "version": "4.0.3",
      "resolved": "https://registry.npmjs.org/rc-tooltip/-/rc-tooltip-4.0.3.tgz",
      "integrity": "sha512-HNyBh9/fPdds0DXja8JQX0XTIHmZapB3lLzbdn74aNSxXG1KUkt+GK4X1aOTRY5X9mqm4uUKdeFrn7j273H8gw==",
      "requires": {
        "rc-trigger": "^4.0.0"
      }
    },
    "rc-tree": {
      "version": "3.1.5",
      "resolved": "https://registry.npmjs.org/rc-tree/-/rc-tree-3.1.5.tgz",
      "integrity": "sha512-LOUfsJg5XxtA4FKgGkuVwnbBlnh3VVtySF7LMp4ko0n8oIUBYnn2vs6WG41kuH0V4tLTlQhvCFup/6JEKL01sg==",
      "requires": {
        "classnames": "2.x",
        "prop-types": "^15.5.8",
        "rc-animate": "^2.9.2",
        "rc-util": "^4.11.0",
        "rc-virtual-list": "^1.1.0",
        "react-lifecycles-compat": "^3.0.4"
      }
    },
    "rc-tree-select": {
      "version": "3.1.3",
      "resolved": "https://registry.npmjs.org/rc-tree-select/-/rc-tree-select-3.1.3.tgz",
      "integrity": "sha512-VQDr+qLCCJ9V/4ewnp3crMT2N7iJV58V0uWVA3nGJxVuxhSj8TPHFZLnyMh6vaNrQsrY6eBp/x1y6nEJBjnVQg==",
      "requires": {
        "classnames": "2.x",
        "rc-select": "^10.1.0",
        "rc-tree": "^3.1.0",
        "rc-util": "^4.17.0"
      }
    },
    "rc-trigger": {
      "version": "4.0.2",
      "resolved": "https://registry.npmjs.org/rc-trigger/-/rc-trigger-4.0.2.tgz",
      "integrity": "sha512-to5S1NhK10rWHIgQpoQdwIhuDc2Ok4R4/dh5NLrDt6C+gqkohsdBCYiPk97Z+NwGhRU8N+dbf251bivX8DkzQg==",
      "requires": {
        "classnames": "^2.2.6",
        "prop-types": "15.x",
        "raf": "^3.4.1",
        "rc-align": "^3.0.0-rc.0",
        "rc-animate": "^2.10.2",
        "rc-util": "^4.20.0"
      }
    },
    "rc-upload": {
      "version": "3.0.4",
      "resolved": "https://registry.npmjs.org/rc-upload/-/rc-upload-3.0.4.tgz",
      "integrity": "sha512-dTCvj1iHxjHG0qo5UyN2ZmtueG9GG3xrOhOwnjsehaoOvl0TOjLbHkUIPPqLZk+wHb57Ue4KB7c3+IMgkDoBvw==",
      "requires": {
        "babel-runtime": "6.x",
        "classnames": "^2.2.5"
      }
    },
    "rc-util": {
      "version": "4.20.3",
      "resolved": "https://registry.npmjs.org/rc-util/-/rc-util-4.20.3.tgz",
      "integrity": "sha512-NBBc9Ad5yGAVTp4jV+pD7tXQGqHxGM2onPSZFyVoJ5fuvRF+ZgzSjZ6RXLPE0pVVISRJ07h+APgLJPBcAeZQlg==",
      "requires": {
        "add-dom-event-listener": "^1.1.0",
        "prop-types": "^15.5.10",
        "react-is": "^16.12.0",
        "react-lifecycles-compat": "^3.0.4",
        "shallowequal": "^1.1.0"
      }
    },
    "rc-virtual-list": {
      "version": "1.1.2",
      "resolved": "https://registry.npmjs.org/rc-virtual-list/-/rc-virtual-list-1.1.2.tgz",
      "integrity": "sha512-+WwxrtmBta7vcPCty7MtgilBmbxSGwN28Y8o+MG3GkHZccV0tXT+PLnAB+5WOjhhH10iFq+pzviRcXgcZ1x4OA==",
      "requires": {
        "classnames": "^2.2.6",
        "raf": "^3.4.1",
        "rc-util": "^4.8.0"
      }
    },
    "react": {
      "version": "16.13.1",
      "resolved": "https://registry.npmjs.org/react/-/react-16.13.1.tgz",
      "integrity": "sha512-YMZQQq32xHLX0bz5Mnibv1/LHb3Sqzngu7xstSM+vrkE5Kzr9xE0yMByK5kMoTK30YVJE61WfbxIFFvfeDKT1w==",
      "requires": {
        "loose-envify": "^1.1.0",
        "object-assign": "^4.1.1",
        "prop-types": "^15.6.2"
      }
    },
    "react-dom": {
      "version": "16.13.1",
      "resolved": "https://registry.npmjs.org/react-dom/-/react-dom-16.13.1.tgz",
      "integrity": "sha512-81PIMmVLnCNLO/fFOQxdQkvEq/+Hfpv24XNJfpyZhTRfO0QcmQIF/PgCa1zCOj2w1hrn12MFLyaJ/G0+Mxtfag==",
      "requires": {
        "loose-envify": "^1.1.0",
        "object-assign": "^4.1.1",
        "prop-types": "^15.6.2",
        "scheduler": "^0.19.1"
      }
    },
    "react-is": {
      "version": "16.13.1",
      "resolved": "https://registry.npmjs.org/react-is/-/react-is-16.13.1.tgz",
      "integrity": "sha512-24e6ynE2H+OKt4kqsOvNd8kBpV65zoxbA4BVsEOB3ARVWQki/DHzaUoC5KuON/BiccDaCCTZBuOcfZs70kR8bQ=="
    },
    "react-lifecycles-compat": {
      "version": "3.0.4",
      "resolved": "https://registry.npmjs.org/react-lifecycles-compat/-/react-lifecycles-compat-3.0.4.tgz",
      "integrity": "sha512-fBASbA6LnOU9dOU2eW7aQ8xmYBSXUIWr+UmF9b1efZBazGNO+rcXT/icdKnYm2pTwcRylVUYwW7H1PHfLekVzA=="
    },
    "regenerator-runtime": {
      "version": "0.11.1",
      "resolved": "https://registry.npmjs.org/regenerator-runtime/-/regenerator-runtime-0.11.1.tgz",
      "integrity": "sha512-MguG95oij0fC3QV3URf4V2SDYGJhJnJGqvIIgdECeODCT98wSWDAJ94SSuVpYQUoTcGUIL6L4yNB7j1DFFHSBg=="
    },
    "resize-observer-polyfill": {
      "version": "1.5.1",
      "resolved": "https://registry.npmjs.org/resize-observer-polyfill/-/resize-observer-polyfill-1.5.1.tgz",
      "integrity": "sha512-LwZrotdHOo12nQuZlHEmtuXdqGoOD0OhaxopaNFxWzInpEgaLWoVuAMbTzixuosCx2nEG58ngzW3vxdWoxIgdg=="
    },
    "rmc-feedback": {
      "version": "2.0.0",
      "resolved": "https://registry.npmjs.org/rmc-feedback/-/rmc-feedback-2.0.0.tgz",
      "integrity": "sha512-5PWOGOW7VXks/l3JzlOU9NIxRpuaSS8d9zA3UULUCuTKnpwBHNvv1jSJzxgbbCQeYzROWUpgKI4za3X4C/mKmQ==",
      "requires": {
        "babel-runtime": "6.x",
        "classnames": "^2.2.5"
      }
    },
    "scheduler": {
      "version": "0.19.1",
      "resolved": "https://registry.npmjs.org/scheduler/-/scheduler-0.19.1.tgz",
      "integrity": "sha512-n/zwRWRYSUj0/3g/otKDRPMh6qv2SYMWNq85IEa8iZyAv8od9zDYpGSnpBEjNgcMNq6Scbu5KfIPxNF72R/2EA==",
      "requires": {
        "loose-envify": "^1.1.0",
        "object-assign": "^4.1.1"
      }
    },
    "scroll-into-view-if-needed": {
      "version": "2.2.24",
      "resolved": "https://registry.npmjs.org/scroll-into-view-if-needed/-/scroll-into-view-if-needed-2.2.24.tgz",
      "integrity": "sha512-vsC6SzyIZUyJG8o4nbUDCiIwsPdH6W/FVmjT2avR2hp/yzS53JjGmg/bKD20TkoNajbu5dAQN4xR7yes4qhwtQ==",
      "requires": {
        "compute-scroll-into-view": "^1.0.13"
      }
    },
    "shallowequal": {
      "version": "1.1.0",
      "resolved": "https://registry.npmjs.org/shallowequal/-/shallowequal-1.1.0.tgz",
      "integrity": "sha512-y0m1JoUZSlPAjXVtPPW70aZWfIL/dSP7AFkRnniLCrK/8MDKog3TySTBmckD+RObVxH0v4Tox67+F14PdED2oQ=="
    },
    "string-convert": {
      "version": "0.2.1",
      "resolved": "https://registry.npmjs.org/string-convert/-/string-convert-0.2.1.tgz",
      "integrity": "sha1-aYLMMEn7tM2F+LJFaLnZvznu/5c="
    },
    "tinycolor2": {
      "version": "1.4.1",
      "resolved": "https://registry.npmjs.org/tinycolor2/-/tinycolor2-1.4.1.tgz",
      "integrity": "sha1-9PrTM0R7wLB9TcjpIJ2POaisd+g="
    },
    "toggle-selection": {
      "version": "1.0.6",
      "resolved": "https://registry.npmjs.org/toggle-selection/-/toggle-selection-1.0.6.tgz",
      "integrity": "sha1-bkWxJj8gF/oKzH2J14sVuL932jI="
    },
    "typescript": {
      "version": "3.8.3",
      "resolved": "https://registry.npmjs.org/typescript/-/typescript-3.8.3.tgz",
      "integrity": "sha512-MYlEfn5VrLNsgudQTVJeNaQFUAI7DkhnOjdpAp4T+ku1TfQClewlbSuTVHiA+8skNBgaf02TL/kLOvig4y3G8w=="
    },
    "warning": {
      "version": "4.0.3",
      "resolved": "https://registry.npmjs.org/warning/-/warning-4.0.3.tgz",
      "integrity": "sha512-rpJyN222KWIvHJ/F53XSZv0Zl/accqHR8et1kpaMTD/fLCRxtV8iX8czMzY7sVZupTI3zcUTg8eycS2kNF9l6w==",
      "requires": {
        "loose-envify": "^1.0.0"
      }
    }
  }
}
